// !$*UTF8*$!
{
	archiveVersion = 1;
	classes = {
	};
	objectVersion = 46;
	objects = {

/* Begin PBXBuildFile section */
		3AA48CDA1E77D0A10003C51E /* AppDelegate.m in Sources */ = {isa = PBXBuildFile; fileRef = 3AA48CD91E77D0A10003C51E /* AppDelegate.m */; };
		3AA48CDD1E77D0A10003C51E /* main.m in Sources */ = {isa = PBXBuildFile; fileRef = 3AA48CDC1E77D0A10003C51E /* main.m */; };
		3AA48CE21E77D0A10003C51E /* Assets.xcassets in Resources */ = {isa = PBXBuildFile; fileRef = 3AA48CE11E77D0A10003C51E /* Assets.xcassets */; };
/* End PBXBuildFile section */

/* Begin PBXFileReference section */
		3AA48CD51E77D0A10003C51E /* iHide.app */ = {isa = PBXFileReference; explicitFileType = wrapper.application; includeInIndex = 0; path = iHide.app; sourceTree = BUILT_PRODUCTS_DIR; };
		3AA48CD81E77D0A10003C51E /* AppDelegate.h */ = {isa = PBXFileReference; lastKnownFileType = sourcecode.c.h; path = AppDelegate.h; sourceTree = "<group>"; };
		3AA48CD91E77D0A10003C51E /* AppDelegate.m */ = {isa = PBXFileReference; lastKnownFileType = sourcecode.c.objc; path = AppDelegate.m; sourceTree = "<group>"; };
		3AA48CDC1E77D0A10003C51E /* main.m */ = {isa = PBXFileReference; lastKnownFileType = sourcecode.c.objc; path = main.m; sourceTree = "<group>"; };
		3AA48CE11E77D0A10003C51E /* Assets.xcassets */ = {isa = PBXFileReference; lastKnownFileType = folder.assetcatalog; path = Assets.xcassets; sourceTree = "<group>"; };
		3AA48CE61E77D0A10003C51E /* Info.plist */ = {isa = PBXFileReference; lastKnownFileType = text.plist.xml; path = Info.plist; sourceTree = "<group>"; };
/* End PBXFileReference section */

/* Begin PBXFrameworksBuildPhase section */
		3AA48CD21E77D0A10003C51E /* Frameworks */ = {
			isa = PBXFrameworksBuildPhase;
			buildActionMask = 2147483647;
			files = (
			);
			runOnlyForDeploymentPostprocessing = 0;
		};
/* End PBXFrameworksBuildPhase section */

/* Begin PBXGroup section */
		3AA48CCC1E77D0A10003C51E = {
			isa = PBXGroup;
			children = (
				3AA48CD71E77D0A10003C51E /* iHide */,
				3AA48CD61E77D0A10003C51E /* Products */,
			);
			sourceTree = "<group>";
		};
		3AA48CD61E77D0A10003C51E /* Products */ = {
			isa = PBXGroup;
			children = (
				3AA48CD51E77D0A10003C51E /* iHide.app */,
			);
			name = Products;
			sourceTree = "<group>";
		};
		3AA48CD71E77D0A10003C51E /* iHide */ = {
			isa = PBXGroup;
			children = (
				3AA48CD81E77D0A10003C51E /* AppDelegate.h */,
				3AA48CD91E77D0A10003C51E /* AppDelegate.m */,
				3AA48CE11E77D0A10003C51E /* Assets.xcassets */,
				3AA48CE61E77D0A10003C51E /* Info.plist */,
				3AA48CDB1E77D0A10003C51E /* Supporting Files */,
			);
			path = iHide;
			sourceTree = "<group>";
		};
		3AA48CDB1E77D0A10003C51E /* Supporting Files */ = {
			isa = PBXGroup;
			children = (
				3AA48CDC1E77D0A10003C51E /* main.m */,
			);
			name = "Supporting Files";
			sourceTree = "<group>";
		};
/* End PBXGroup section */

/* Begin PBXNativeTarget section */
		3AA48CD41E77D0A10003C51E /* iHide */ = {
			isa = PBXNativeTarget;
			buildConfigurationList = 3AA48CE91E77D0A10003C51E /* Build configuration list for PBXNativeTarget "iHide" */;
			buildPhases = (
				3AA48CD11E77D0A10003C51E /* Sources */,
				3AA48CD21E77D0A10003C51E /* Frameworks */,
				3AA48CD31E77D0A10003C51E /* Resources */,
			);
			buildRules = (
			);
			dependencies = (
			);
			name = iHide;
			productName = iHide;
			productReference = 3AA48CD51E77D0A10003C51E /* iHide.app */;
			productType = "com.apple.product-type.application";
		};
/* End PBXNativeTarget section */

/* Begin PBXProject section */
		3AA48CCD1E77D0A10003C51E /* Project object */ = {
			isa = PBXProject;
			attributes = {
				LastUpgradeCheck = 0820;
				ORGANIZATIONNAME = nine;
				TargetAttributes = {
					3AA48CD41E77D0A10003C51E = {
						CreatedOnToolsVersion = 8.2.1;
						DevelopmentTeam = JW2LR94V6G;
						ProvisioningStyle = Automatic;
					};
				};
			};
			buildConfigurationList = 3AA48CD01E77D0A10003C51E /* Build configuration list for PBXProject "iHide" */;
			compatibilityVersion = "Xcode 3.2";
			developmentRegion = English;
			hasScannedForEncodings = 0;
			knownRegions = (
				en,
				Base,
			);
			mainGroup = 3AA48CCC1E77D0A10003C51E;
			productRefGroup = 3AA48CD61E77D0A10003C51E /* Products */;
			projectDirPath = "";
			projectRoot = "";
			targets = (
				3AA48CD41E77D0A10003C51E /* iHide */,
			);
		};
/* End PBXProject section */

/* Begin PBXResourcesBuildPhase section */
		3AA48CD31E77D0A10003C51E /* Resources */ = {
			isa = PBXResourcesBuildPhase;
			buildActionMask = 2147483647;
			files = (
				3AA48CE21E77D0A10003C51E /* Assets.xcassets in Resources */,
			);
			runOnlyForDeploymentPostprocessing = 0;
		};
/* End PBXResourcesBuildPhase section */

/* Begin PBXSourcesBuildPhase section */
		3AA48CD11E77D0A10003C51E /* Sources */ = {
			isa = PBXSourcesBuildPhase;
			buildActionMask = 2147483647;
			files = (
				3AA48CDD1E77D0A10003C51E /* main.m in Sources */,
				3AA48CDA1E77D0A10003C51E /* AppDelegate.m in Sources */,
			);
			runOnlyForDeploymentPostprocessing = 0;
		};
/* End PBXSourcesBuildPhase section */

/* Begin XCBuildConfiguration section */
		3AA48CE71E77D0A10003C51E /* Debug */ = {
			isa = XCBuildConfiguration;
			buildSettings = {
				ALWAYS_SEARCH_USER_PATHS = NO;
				CLANG_ANALYZER_NONNULL = YES;
				CLANG_CXX_LANGUAGE_STANDARD = "gnu++0x";
				CLANG_CXX_LIBRARY = "libc++";
				CLANG_ENABLE_MODULES = YES;
				CLANG_ENABLE_OBJC_ARC = YES;
				CLANG_WARN_BOOL_CONVERSION = YES;
				CLANG_WARN_CONSTANT_CONVERSION = YES;
				CLANG_WARN_DIRECT_OBJC_ISA_USAGE = YES_ERROR;
				CLANG_WARN_DOCUMENTATION_COMMENTS = YES;
				CLANG_WARN_EMPTY_BODY = YES;
				CLANG_WARN_ENUM_CONVERSION = YES;
				CLANG_WARN_INFINITE_RECURSION = YES;
				CLANG_WARN_INT_CONVERSION = YES;
				CLANG_WARN_OBJC_ROOT_CLASS = YES_ERROR;
				CLANG_WARN_SUSPICIOUS_MOVE = YES;
				CLANG_WARN_UNREACHABLE_CODE = YES;
				CLANG_WARN__DUPLICATE_METHOD_MATCH = YES;
				CODE_SIGN_IDENTITY = "-";
				COPY_PHASE_STRIP = NO;
				DEBUG_INFORMATION_FORMAT = dwarf;
				ENABLE_STRICT_OBJC_MSGSEND = YES;
				ENABLE_TESTABILITY = YES;
				GCC_C_LANGUAGE_STANDARD = gnu99;
				GCC_DYNAMIC_NO_PIC = NO;
				GCC_NO_COMMON_BLOCKS = YES;
				GCC_OPTIMIZATION_LEVEL = 0;
				GCC_PREPROCESSOR_DEFINITIONS = (
					"DEBUG=1",
					"$(inherited)",
				);
				GCC_WARN_64_TO_32_BIT_CONVERSION = YES;
				GCC_WARN_ABOUT_RETURN_TYPE = YES_ERROR;
				GCC_WARN_UNDECLARED_SELECTOR = YES;
				GCC_WARN_UNINITIALIZED_AUTOS = YES_AGGRESSIVE;
				GCC_WARN_UNUSED_FUNCTION = YES;
				GCC_WARN_UNUSED_VARIABLE = YES;
				MACOSX_DEPLOYMENT_TARGET = 10.12;
				MTL_ENABLE_DEBUG_INFO = YES;
				ONLY_ACTIVE_ARCH = YES;
				SDKROOT = macosx;
			};
			name = Debug;
		};
		3AA48CE81E77D0A10003C51E /* Release */ = {
			isa = XCBuildConfiguration;
			buildSettings = {
				ALWAYS_SEARCH_USER_PATHS = NO;
				CLANG_ANALYZER_NONNULL = YES;
				CLANG_CXX_LANGUAGE_STANDARD = "gnu++0x";
				CLANG_CXX_LIBRARY = "libc++";
				CLANG_ENABLE_MODULES = YES;
				CLANG_ENABLE_OBJC_ARC = YES;
				CLANG_WARN_BOOL_CONVERSION = YES;
				CLANG_WARN_CONSTANT_CONVERSION = YES;
				CLANG_WARN_DIRECT_OBJC_ISA_USAGE = YES_ERROR;
				CLANG_WARN_DOCUMENTATION_COMMENTS = YES;
				CLANG_WARN_EMPTY_BODY = YES;
				CLANG_WARN_ENUM_CONVERSION = YES;
				CLANG_WARN_INFINITE_RECURSION = YES;
				CLANG_WARN_INT_CONVERSION = YES;
				CLANG_WARN_OBJC_ROOT_CLASS = YES_ERROR;
				CLANG_WARN_SUSPICIOUS_MOVE = YES;
				CLANG_WARN_UNREACHABLE_CODE = YES;
				CLANG_WARN__DUPLICATE_METHOD_MATCH = YES;
				CODE_SIGN_IDENTITY = "-";
				COPY_PHASE_STRIP = NO;
				DEBUG_INFORMATION_FORMAT = "dwarf-with-dsym";
				ENABLE_NS_ASSERTIONS = NO;
				ENABLE_STRICT_OBJC_MSGSEND = YES;
				GCC_C_LANGUAGE_STANDARD = gnu99;
				GCC_NO_COMMON_BLOCKS = YES;
				GCC_WARN_64_TO_32_BIT_CONVERSION = YES;
				GCC_WARN_ABOUT_RETURN_TYPE = YES_ERROR;
				GCC_WARN_UNDECLARED_SELECTOR = YES;
				GCC_WARN_UNINITIALIZED_AUTOS = YES_AGGRESSIVE;
				GCC_WARN_UNUSED_FUNCTION = YES;
				GCC_WARN_UNUSED_VARIABLE = YES;
				MACOSX_DEPLOYMENT_TARGET = 10.12;
				MTL_ENABLE_DEBUG_INFO = NO;
				SDKROOT = macosx;
			};
			name = Release;
		};
		3AA48CEA1E77D0A10003C51E /* Debug */ = {
			isa = XCBuildConfiguration;
			buildSettings = {
				ASSETCATALOG_COMPILER_APPICON_NAME = AppIcon;
				COMBINE_HIDPI_IMAGES = YES;
				DEVELOPMENT_TEAM = JW2LR94V6G;
				INFOPLIST_FILE = iHide/Info.plist;
				LD_RUNPATH_SEARCH_PATHS = "$(inherited) @executable_path/../Frameworks";
				PRODUCT_BUNDLE_IDENTIFIER = name.wxz.iHide;
				PRODUCT_NAME = "$(TARGET_NAME)";
			};
			name = Debug;
		};
		3AA48CEB1E77D0A10003C51E /* Release */ = {
			isa = XCBuildConfiguration;
			buildSettings = {
				ASSETCATALOG_COMPILER_APPICON_NAME = AppIcon;
				COMBINE_HIDPI_IMAGES = YES;
				DEVELOPMENT_TEAM = JW2LR94V6G;
				INFOPLIST_FILE = iHide/Info.plist;
				LD_RUNPATH_SEARCH_PATHS = "$(inherited) @executable_path/../Frameworks";
				PRODUCT_BUNDLE_IDENTIFIER = name.wxz.iHide;
				PRODUCT_NAME = "$(TARGET_NAME)";
			};
			name = Release;
		};
/* End XCBuildConfiguration section */

/* Begin XCConfigurationList section */
		3AA48CD01E77D0A10003C51E /* Build configuration list for PBXProject "iHide" */ = {
			isa = XCConfigurationList;
			buildConfigurations = (
				3AA48CE71E77D0A10003C51E /* Debug */,
				3AA48CE81E77D0A10003C51E /* Release */,
			);
			defaultConfigurationIsVisible = 0;
			defaultConfigurationName = Release;
		};
		3AA48CE91E77D0A10003C51E /* Build configuration list for PBXNativeTarget "iHide" */ = {
			isa = XCConfigurationList;
			buildConfigurations = (
				3AA48CEA1E77D0A10003C51E /* Debug */,
				3AA48CEB1E77D0A10003C51E /* Release */,
			);
			defaultConfigurationIsVisible = 0;
			defaultConfigurationName = Release;
		};
/* End XCConfigurationList section */
	};
	rootObject = 3AA48CCD1E77D0A10003C51E /* Project object */;
}
